
Microsoft Visual Studio Solution File, Format Version 12.00
# Visual Studio Version 17
VisualStudioVersion = 17.1.32328.378
MinimumVisualStudioVersion = 10.0.40219.1
Project("{FAE04EC0-301F-11D3-BF4B-00C04F79EFBC}") = "VisualStimuli", "VisualStimuli.csproj", "{AFCDC194-86C6-411C-9B09-55D83C0E7629}"
EndProject
Project("{FAE04EC0-301F-11D3-BF4B-00C04F79EFBC}") = "Interface2App", "Interface2App\Interface2App.csproj", "{D660B203-CCE4-4766-B532-75999391FF77}"
EndProject
Global
	GlobalSection(SolutionConfigurationPlatforms) = preSolution
		Debug|Any CPU = Debug|Any CPU
		Debug|x64 = Debug|x64
		Release|Any CPU = Release|Any CPU
		Release|x64 = Release|x64
	EndGlobalSection
	GlobalSection(ProjectConfigurationPlatforms) = postSolution
		{AFCDC194-86C6-411C-9B09-55D83C0E7629}.Debug|Any CPU.ActiveCfg = Debug|Any CPU
		{AFCDC194-86C6-411C-9B09-55D83C0E7629}.Debug|Any CPU.Build.0 = Debug|Any CPU
		{AFCDC194-86C6-411C-9B09-55D83C0E7629}.Debug|x64.ActiveCfg = Debug|x64
		{AFCDC194-86C6-411C-9B09-55D83C0E7629}.Debug|x64.Build.0 = Debug|x64
		{AFCDC194-86C6-411C-9B09-55D83C0E7629}.Release|Any CPU.ActiveCfg = Release|Any CPU
		{AFCDC194-86C6-411C-9B09-55D83C0E7629}.Release|Any CPU.Build.0 = Release|Any CPU
		{AFCDC194-86C6-411C-9B09-55D83C0E7629}.Release|x64.ActiveCfg = Release|x64
		{AFCDC194-86C6-411C-9B09-55D83C0E7629}.Release|x64.Build.0 = Release|x64
		{D660B203-CCE4-4766-B532-75999391FF77}.Debug|Any CPU.ActiveCfg = Debug|Any CPU
		{D660B203-CCE4-4766-B532-75999391FF77}.Debug|Any CPU.Build.0 = Debug|Any CPU
		{D660B203-CCE4-4766-B532-75999391FF77}.Debug|x64.ActiveCfg = Debug|x64
		{D660B203-CCE4-4766-B532-75999391FF77}.Debug|x64.Build.0 = Debug|x64
		{D660B203-CCE4-4766-B532-75999391FF77}.Release|Any CPU.ActiveCfg = Release|Any CPU
		{D660B203-CCE4-4766-B532-75999391FF77}.Release|Any CPU.Build.0 = Release|Any CPU
		{D660B203-CCE4-4766-B532-75999391FF77}.Release|x64.ActiveCfg = Release|x64
		{D660B203-CCE4-4766-B532-75999391FF77}.Release|x64.Build.0 = Release|x64
	EndGlobalSection
	GlobalSection(SolutionProperties) = preSolution
		HideSolutionNode = FALSE
	EndGlobalSection
	GlobalSection(ExtensibilityGlobals) = postSolution
		SolutionGuid = {8876E26A-A016-4A70-A4DD-85B7C9D44C19}
	EndGlobalSection
EndGlobal
